
Microsoft Visual Studio Solution File, Format Version 12.00
# Visual Studio Version 16
VisualStudioVersion = 16.0.32228.343
MinimumVisualStudioVersion = 10.0.40219.1
Project("{FAE04EC0-301F-11D3-BF4B-00C04F79EFBC}") = "SwitchStatementsPart2", "SwitchStatementsPart2\SwitchStatementsPart2.csproj", "{22A426DE-277E-4B52-9092-0EE94A7C040E}"
EndProject
Global
	GlobalSection(SolutionConfigurationPlatforms) = preSolution
		Debug|Any CPU = Debug|Any CPU
		Release|Any CPU = Release|Any CPU
	EndGlobalSection
	GlobalSection(ProjectConfigurationPlatforms) = postSolution
		{22A426DE-277E-4B52-9092-0EE94A7C040E}.Debug|Any CPU.ActiveCfg = Debug|Any CPU
		{22A426DE-277E-4B52-9092-0EE94A7C040E}.Debug|Any CPU.Build.0 = Debug|Any CPU
		{22A426DE-277E-4B52-9092-0EE94A7C040E}.Release|Any CPU.ActiveCfg = Release|Any CPU
		{22A426DE-277E-4B52-9092-0EE94A7C040E}.Release|Any CPU.Build.0 = Release|Any CPU
	EndGlobalSection
	GlobalSection(SolutionProperties) = preSolution
		HideSolutionNode = FALSE
	EndGlobalSection
	GlobalSection(ExtensibilityGlobals) = postSolution
		SolutionGuid = {A74C4B7B-69EC-40A8-A140-E895584C1D8F}
	EndGlobalSection
EndGlobal
